
Microsoft Visual Studio Solution File, Format Version 12.00
# Visual Studio Version 16
VisualStudioVersion = 16.0.30804.86
MinimumVisualStudioVersion = 10.0.40219.1
Project("{FAE04EC0-301F-11D3-BF4B-00C04F79EFBC}") = "ChuckNorrisApplication", "ChuckNorrisApplication\ChuckNorrisApplication.csproj", "{C055E94C-39BE-42AD-A1BB-3BBDAB40EC4B}"
EndProject
Global
	GlobalSection(SolutionConfigurationPlatforms) = preSolution
		Debug|Any CPU = Debug|Any CPU
		Release|Any CPU = Release|Any CPU
	EndGlobalSection
	GlobalSection(ProjectConfigurationPlatforms) = postSolution
		{C055E94C-39BE-42AD-A1BB-3BBDAB40EC4B}.Debug|Any CPU.ActiveCfg = Debug|Any CPU
		{C055E94C-39BE-42AD-A1BB-3BBDAB40EC4B}.Debug|Any CPU.Build.0 = Debug|Any CPU
		{C055E94C-39BE-42AD-A1BB-3BBDAB40EC4B}.Release|Any CPU.ActiveCfg = Release|Any CPU
		{C055E94C-39BE-42AD-A1BB-3BBDAB40EC4B}.Release|Any CPU.Build.0 = Release|Any CPU
	EndGlobalSection
	GlobalSection(SolutionProperties) = preSolution
		HideSolutionNode = FALSE
	EndGlobalSection
	GlobalSection(ExtensibilityGlobals) = postSolution
		SolutionGuid = {CEA5DA22-27EA-40EE-B33D-B529A4091F43}
	EndGlobalSection
EndGlobal
